// !$*UTF8*$!
{
	archiveVersion = 1;
	classes = {
	};
	objectVersion = 77;
	objects = {

/* Begin PBXBuildFile section */
		BD9EF4682F70256600A629EF /* WorldPersistence.swift in Sources */ = {isa = PBXBuildFile; fileRef = BD9EF4672F70256600A629EF /* WorldPersistence.swift */; };
		BD9EF46A2F7025A900A629EF /* ROADMAP.md in Resources */ = {isa = PBXBuildFile; fileRef = BD9EF4692F7025A900A629EF /* ROADMAP.md */; };
		BD9EF46C2F7025E900A629EF /* RESUMEN.md in Resources */ = {isa = PBXBuildFile; fileRef = BD9EF46B2F7025E900A629EF /* RESUMEN.md */; };
		BD9EF46E2F70261F00A629EF /* SOLUCION_SPM.md in Resources */ = {isa = PBXBuildFile; fileRef = BD9EF46D2F70261F00A629EF /* SOLUCION_SPM.md */; };
		BD9EF4A22F703A1200A629EF /* ESTADO_PROYECTO.md in Resources */ = {isa = PBXBuildFile; fileRef = BD9EF4A12F703A1200A629EF /* ESTADO_PROYECTO.md */; };
		BD9EF4A42F703A8100A629EF /* CHECKLIST.md in Resources */ = {isa = PBXBuildFile; fileRef = BD9EF4A32F703A8100A629EF /* CHECKLIST.md */; };
		BD9EF4A62F703B0600A629EF /* AUDITORIA_COMPLETA.md in Resources */ = {isa = PBXBuildFile; fileRef = BD9EF4A52F703B0600A629EF /* AUDITORIA_COMPLETA.md */; };
		BD9EF4A82F703D6400A629EF /* PROXIMOS_3_PASOS.md in Resources */ = {isa = PBXBuildFile; fileRef = BD9EF4A72F703D6400A629EF /* PROXIMOS_3_PASOS.md */; };
		BD9EF4AA2F703DB400A629EF /* AgentStatusOverlay.swift in Sources */ = {isa = PBXBuildFile; fileRef = BD9EF4A92F703DB400A629EF /* AgentStatusOverlay.swift */; };
		E2D1F00010002A00B000012 /* AWDomain in Frameworks */ = {isa = PBXBuildFile; productRef = E2D1F00010002A00B000016 /* AWDomain */; };
		E2D1F00010002A00B000013 /* AWAgent in Frameworks */ = {isa = PBXBuildFile; productRef = E2D1F00010002A00B000017 /* AWAgent */; };
		E2D1F00010002A00B000014 /* AWPersistence in Frameworks */ = {isa = PBXBuildFile; productRef = E2D1F00010002A00B000018 /* AWPersistence */; };
/* End PBXBuildFile section */

/* Begin PBXContainerItemProxy section */
		E2D1F00010002A00B000020 /* PBXContainerItemProxy */ = {
			isa = PBXContainerItemProxy;
			containerPortal = E2D1F00010002A00B000001 /* Project object */;
			proxyType = 1;
			remoteGlobalIDString = E2D1F00010002A00B000008;
			remoteInfo = ArtificialWorldV2;
		};
/* End PBXContainerItemProxy section */

/* Begin PBXFileReference section */
		BD9EF4672F70256600A629EF /* WorldPersistence.swift */ = {isa = PBXFileReference; lastKnownFileType = sourcecode.swift; path = WorldPersistence.swift; sourceTree = "<group>"; };
		BD9EF4692F7025A900A629EF /* ROADMAP.md */ = {isa = PBXFileReference; lastKnownFileType = net.daringfireball.markdown; path = ROADMAP.md; sourceTree = "<group>"; };
		BD9EF46B2F7025E900A629EF /* RESUMEN.md */ = {isa = PBXFileReference; lastKnownFileType = net.daringfireball.markdown; path = RESUMEN.md; sourceTree = "<group>"; };
		BD9EF46D2F70261F00A629EF /* SOLUCION_SPM.md */ = {isa = PBXFileReference; lastKnownFileType = net.daringfireball.markdown; path = SOLUCION_SPM.md; sourceTree = "<group>"; };
		BD9EF4A12F703A1200A629EF /* ESTADO_PROYECTO.md */ = {isa = PBXFileReference; lastKnownFileType = net.daringfireball.markdown; path = ESTADO_PROYECTO.md; sourceTree = "<group>"; };
		BD9EF4A32F703A8100A629EF /* CHECKLIST.md */ = {isa = PBXFileReference; lastKnownFileType = net.daringfireball.markdown; path = CHECKLIST.md; sourceTree = "<group>"; };
		BD9EF4A52F703B0600A629EF /* AUDITORIA_COMPLETA.md */ = {isa = PBXFileReference; lastKnownFileType = net.daringfireball.markdown; path = AUDITORIA_COMPLETA.md; sourceTree = "<group>"; };
		BD9EF4A72F703D6400A629EF /* PROXIMOS_3_PASOS.md */ = {isa = PBXFileReference; lastKnownFileType = net.daringfireball.markdown; path = PROXIMOS_3_PASOS.md; sourceTree = "<group>"; };
		BD9EF4A92F703DB400A629EF /* AgentStatusOverlay.swift */ = {isa = PBXFileReference; lastKnownFileType = sourcecode.swift; path = AgentStatusOverlay.swift; sourceTree = "<group>"; };
		E2D1F00010002A00B000004 /* Signing.xcconfig */ = {isa = PBXFileReference; lastKnownFileType = text.xcconfig; path = Signing.xcconfig; sourceTree = "<group>"; };
		E2D1F00010002A00B000006 /* ArtificialWorldV2.app */ = {isa = PBXFileReference; explicitFileType = wrapper.application; includeInIndex = 0; path = ArtificialWorldV2.app; sourceTree = BUILT_PRODUCTS_DIR; };
		E2D1F00010002A00B000022 /* ArtificialWorldV2Tests.xctest */ = {isa = PBXFileReference; explicitFileType = wrapper.cfbundle; includeInIndex = 0; path = ArtificialWorldV2Tests.xctest; sourceTree = BUILT_PRODUCTS_DIR; };
/* End PBXFileReference section */

/* Begin PBXFileSystemSynchronizedRootGroup section */
		E2D1F00010002A00B000007 /* ArtificialWorldV2 */ = {
			isa = PBXFileSystemSynchronizedRootGroup;
			path = ArtificialWorldV2;
			sourceTree = "<group>";
		};
		E2D1F00010002A00B000023 /* ArtificialWorldV2Tests */ = {
			isa = PBXFileSystemSynchronizedRootGroup;
			path = ArtificialWorldV2Tests;
			sourceTree = "<group>";
		};
/* End PBXFileSystemSynchronizedRootGroup section */

/* Begin PBXFrameworksBuildPhase section */
		E2D1F00010002A00B00000A /* Frameworks */ = {
			isa = PBXFrameworksBuildPhase;
			buildActionMask = 2147483647;
			files = (
				E2D1F00010002A00B000014 /* AWPersistence in Frameworks */,
				E2D1F00010002A00B000013 /* AWAgent in Frameworks */,
				E2D1F00010002A00B000012 /* AWDomain in Frameworks */,
			);
			runOnlyForDeploymentPostprocessing = 0;
		};
		E2D1F00010002A00B000033 /* Frameworks */ = {
			isa = PBXFrameworksBuildPhase;
			buildActionMask = 2147483647;
			files = (
			);
			runOnlyForDeploymentPostprocessing = 0;
		};
/* End PBXFrameworksBuildPhase section */

/* Begin PBXGroup section */
		E2D1F00010002A00B000002 = {
			isa = PBXGroup;
			children = (
				E2D1F00010002A00B000005 /* Config */,
				E2D1F00010002A00B000007 /* ArtificialWorldV2 */,
				E2D1F00010002A00B000023 /* ArtificialWorldV2Tests */,
				E2D1F00010002A00B000003 /* Products */,
				BD9EF4672F70256600A629EF /* WorldPersistence.swift */,
				BD9EF4692F7025A900A629EF /* ROADMAP.md */,
				BD9EF46B2F7025E900A629EF /* RESUMEN.md */,
				BD9EF46D2F70261F00A629EF /* SOLUCION_SPM.md */,
				BD9EF4A12F703A1200A629EF /* ESTADO_PROYECTO.md */,
				BD9EF4A32F703A8100A629EF /* CHECKLIST.md */,
				BD9EF4A52F703B0600A629EF /* AUDITORIA_COMPLETA.md */,
				BD9EF4A72F703D6400A629EF /* PROXIMOS_3_PASOS.md */,
				BD9EF4A92F703DB400A629EF /* AgentStatusOverlay.swift */,
			);
			sourceTree = "<group>";
		};
		E2D1F00010002A00B000003 /* Products */ = {
			isa = PBXGroup;
			children = (
				E2D1F00010002A00B000006 /* ArtificialWorldV2.app */,
				E2D1F00010002A00B000022 /* ArtificialWorldV2Tests.xctest */,
			);
			name = Products;
			sourceTree = "<group>";
		};
		E2D1F00010002A00B000005 /* Config */ = {
			isa = PBXGroup;
			children = (
				E2D1F00010002A00B000004 /* Signing.xcconfig */,
			);
			path = Config;
			sourceTree = "<group>";
		};
/* End PBXGroup section */

/* Begin PBXNativeTarget section */
		E2D1F00010002A00B000008 /* ArtificialWorldV2 */ = {
			isa = PBXNativeTarget;
			buildConfigurationList = E2D1F00010002A00B00000F /* Build configuration list for PBXNativeTarget "ArtificialWorldV2" */;
			buildPhases = (
				E2D1F00010002A00B000009 /* Sources */,
				E2D1F00010002A00B00000A /* Frameworks */,
				E2D1F00010002A00B00000B /* Resources */,
			);
			buildRules = (
			);
			dependencies = (
			);
			fileSystemSynchronizedGroups = (
				E2D1F00010002A00B000007 /* ArtificialWorldV2 */,
			);
			name = ArtificialWorldV2;
			packageProductDependencies = (
				E2D1F00010002A00B000016 /* AWDomain */,
				E2D1F00010002A00B000017 /* AWAgent */,
				E2D1F00010002A00B000018 /* AWPersistence */,
			);
			productName = ArtificialWorldV2;
			productReference = E2D1F00010002A00B000006 /* ArtificialWorldV2.app */;
			productType = "com.apple.product-type.application";
		};
		E2D1F00010002A00B000024 /* ArtificialWorldV2Tests */ = {
			isa = PBXNativeTarget;
			buildConfigurationList = E2D1F00010002A00B000035 /* Build configuration list for PBXNativeTarget "ArtificialWorldV2Tests" */;
			buildPhases = (
				E2D1F00010002A00B000032 /* Sources */,
				E2D1F00010002A00B000033 /* Frameworks */,
				E2D1F00010002A00B000034 /* Resources */,
			);
			buildRules = (
			);
			dependencies = (
				E2D1F00010002A00B000021 /* PBXTargetDependency */,
			);
			fileSystemSynchronizedGroups = (
				E2D1F00010002A00B000023 /* ArtificialWorldV2Tests */,
			);
			name = ArtificialWorldV2Tests;
			packageProductDependencies = (
			);
			productName = ArtificialWorldV2Tests;
			productReference = E2D1F00010002A00B000022 /* ArtificialWorldV2Tests.xctest */;
			productType = "com.apple.product-type.bundle.unit-test";
		};
/* End PBXNativeTarget section */

/* Begin PBXProject section */
		E2D1F00010002A00B000001 /* Project object */ = {
			isa = PBXProject;
			attributes = {
				BuildIndependentTargetsInParallel = 1;
				LastSwiftUpdateCheck = 2600;
				LastUpgradeCheck = 2600;
				TargetAttributes = {
					E2D1F00010002A00B000008 = {
						CreatedOnToolsVersion = 16.0;
					};
					E2D1F00010002A00B000024 = {
						CreatedOnToolsVersion = 16.0;
						TestTargetID = E2D1F00010002A00B000008;
					};
				};
			};
			buildConfigurationList = E2D1F00010002A00B00000C /* Build configuration list for PBXProject "ArtificialWorldV2" */;
			developmentRegion = es;
			hasScannedForEncodings = 0;
			knownRegions = (
				Base,
				es,
			);
			mainGroup = E2D1F00010002A00B000002;
			minimizedProjectReferenceProxies = 1;
			packageReferences = (
				E2D1F00010002A00B000015 /* XCLocalSwiftPackageReference "../SwiftAWCore" */,
			);
			preferredProjectObjectVersion = 77;
			productRefGroup = E2D1F00010002A00B000003 /* Products */;
			projectDirPath = "";
			projectRoot = "";
			targets = (
				E2D1F00010002A00B000008 /* ArtificialWorldV2 */,
				E2D1F00010002A00B000024 /* ArtificialWorldV2Tests */,
			);
		};
/* End PBXProject section */

/* Begin PBXResourcesBuildPhase section */
		E2D1F00010002A00B00000B /* Resources */ = {
			isa = PBXResourcesBuildPhase;
			buildActionMask = 2147483647;
			files = (
				BD9EF4A62F703B0600A629EF /* AUDITORIA_COMPLETA.md in Resources */,
				BD9EF46E2F70261F00A629EF /* SOLUCION_SPM.md in Resources */,
				BD9EF46A2F7025A900A629EF /* ROADMAP.md in Resources */,
				BD9EF4A42F703A8100A629EF /* CHECKLIST.md in Resources */,
				BD9EF46C2F7025E900A629EF /* RESUMEN.md in Resources */,
				BD9EF4A22F703A1200A629EF /* ESTADO_PROYECTO.md in Resources */,
				BD9EF4A82F703D6400A629EF /* PROXIMOS_3_PASOS.md in Resources */,
			);
			runOnlyForDeploymentPostprocessing = 0;
		};
		E2D1F00010002A00B000034 /* Resources */ = {
			isa = PBXResourcesBuildPhase;
			buildActionMask = 2147483647;
			files = (
			);
			runOnlyForDeploymentPostprocessing = 0;
		};
/* End PBXResourcesBuildPhase section */

/* Begin PBXSourcesBuildPhase section */
		E2D1F00010002A00B000009 /* Sources */ = {
			isa = PBXSourcesBuildPhase;
			buildActionMask = 2147483647;
			files = (
				BD9EF4AA2F703DB400A629EF /* AgentStatusOverlay.swift in Sources */,
				BD9EF4682F70256600A629EF /* WorldPersistence.swift in Sources */,
			);
			runOnlyForDeploymentPostprocessing = 0;
		};
		E2D1F00010002A00B000032 /* Sources */ = {
			isa = PBXSourcesBuildPhase;
			buildActionMask = 2147483647;
			files = (
			);
			runOnlyForDeploymentPostprocessing = 0;
		};
/* End PBXSourcesBuildPhase section */

/* Begin PBXTargetDependency section */
		E2D1F00010002A00B000021 /* PBXTargetDependency */ = {
			isa = PBXTargetDependency;
			target = E2D1F00010002A00B000008 /* ArtificialWorldV2 */;
			targetProxy = E2D1F00010002A00B000020 /* PBXContainerItemProxy */;
		};
/* End PBXTargetDependency section */

/* Begin XCBuildConfiguration section */
		E2D1F00010002A00B00000D /* Debug */ = {
			isa = XCBuildConfiguration;
			buildSettings = {
				ALWAYS_SEARCH_USER_PATHS = NO;
				ASSETCATALOG_COMPILER_GENERATE_SWIFT_ASSET_SYMBOL_EXTENSIONS = YES;
				CLANG_ANALYZER_LOCALIZABILITY_NONLOCALIZED = YES;
				CLANG_ANALYZER_NONNULL = YES;
				CLANG_ANALYZER_NUMBER_OBJECT_CONVERSION = YES_AGGRESSIVE;
				CLANG_CXX_LANGUAGE_STANDARD = "gnu++20";
				CLANG_ENABLE_MODULES = YES;
				CLANG_ENABLE_OBJC_ARC = YES;
				CLANG_ENABLE_OBJC_WEAK = YES;
				CLANG_WARN_BLOCK_CAPTURE_AUTORELEASING = YES;
				CLANG_WARN_BOOL_CONVERSION = YES;
				CLANG_WARN_COMMA = YES;
				CLANG_WARN_CONSTANT_CONVERSION = YES;
				CLANG_WARN_DEPRECATED_OBJC_IMPLEMENTATIONS = YES;
				CLANG_WARN_DIRECT_OBJC_ISA_USAGE = YES_ERROR;
				CLANG_WARN_DOCUMENTATION_COMMENTS = YES;
				CLANG_WARN_EMPTY_BODY = YES;
				CLANG_WARN_ENUM_CONVERSION = YES;
				CLANG_WARN_INFINITE_RECURSION = YES;
				CLANG_WARN_INT_CONVERSION = YES;
				CLANG_WARN_NON_LITERAL_NULL_CONVERSION = YES;
				CLANG_WARN_OBJC_IMPLICIT_RETAIN_SELF = YES;
				CLANG_WARN_OBJC_LITERAL_CONVERSION = YES;
				CLANG_WARN_OBJC_ROOT_CLASS = YES_ERROR;
				CLANG_WARN_QUOTED_INCLUDE_IN_FRAMEWORK_HEADER = YES;
				CLANG_WARN_RANGE_LOOP_ANALYSIS = YES;
				CLANG_WARN_STRICT_PROTOTYPES = YES;
				CLANG_WARN_SUSPICIOUS_MOVE = YES;
				CLANG_WARN_UNGUARDED_AVAILABILITY = YES_AGGRESSIVE;
				CLANG_WARN_UNREACHABLE_CODE = YES;
				CLANG_WARN__DUPLICATE_METHOD_MATCH = YES;
				COPY_PHASE_STRIP = NO;
				DEBUG_INFORMATION_FORMAT = dwarf;
				ENABLE_STRICT_OBJC_MSGSEND = YES;
				ENABLE_TESTABILITY = YES;
				ENABLE_USER_SCRIPT_SANDBOXING = YES;
				GCC_C_LANGUAGE_STANDARD = gnu17;
				GCC_DYNAMIC_NO_PIC = NO;
				GCC_NO_COMMON_BLOCKS = YES;
				GCC_OPTIMIZATION_LEVEL = 0;
				GCC_PREPROCESSOR_DEFINITIONS = (
					"DEBUG=1",
					"$(inherited)",
				);
				GCC_WARN_64_TO_32_BIT_CONVERSION = YES;
				GCC_WARN_ABOUT_RETURN_TYPE = YES_ERROR;
				GCC_WARN_UNDECLARED_SELECTOR = YES;
				GCC_WARN_UNINITIALIZED_AUTOS = YES_AGGRESSIVE;
				GCC_WARN_UNUSED_FUNCTION = YES;
				GCC_WARN_UNUSED_VARIABLE = YES;
				IPHONEOS_DEPLOYMENT_TARGET = 17.0;
				LOCALIZATION_PREFERS_STRING_CATALOGS = YES;
				MTL_ENABLE_DEBUG_INFO = INCLUDE_SOURCE;
				MTL_FAST_MATH = YES;
				ONLY_ACTIVE_ARCH = YES;
				SDKROOT = iphoneos;
				SWIFT_ACTIVE_COMPILATION_CONDITIONS = "DEBUG $(inherited)";
				SWIFT_OPTIMIZATION_LEVEL = "-Onone";
			};
			name = Debug;
		};
		E2D1F00010002A00B00000E /* Release */ = {
			isa = XCBuildConfiguration;
			buildSettings = {
				ALWAYS_SEARCH_USER_PATHS = NO;
				ASSETCATALOG_COMPILER_GENERATE_SWIFT_ASSET_SYMBOL_EXTENSIONS = YES;
				CLANG_ANALYZER_LOCALIZABILITY_NONLOCALIZED = YES;
				CLANG_ANALYZER_NONNULL = YES;
				CLANG_ANALYZER_NUMBER_OBJECT_CONVERSION = YES_AGGRESSIVE;
				CLANG_CXX_LANGUAGE_STANDARD = "gnu++20";
				CLANG_ENABLE_MODULES = YES;
				CLANG_ENABLE_OBJC_ARC = YES;
				CLANG_ENABLE_OBJC_WEAK = YES;
				CLANG_WARN_BLOCK_CAPTURE_AUTORELEASING = YES;
				CLANG_WARN_BOOL_CONVERSION = YES;
				CLANG_WARN_COMMA = YES;
				CLANG_WARN_CONSTANT_CONVERSION = YES;
				CLANG_WARN_DEPRECATED_OBJC_IMPLEMENTATIONS = YES;
				CLANG_WARN_DIRECT_OBJC_ISA_USAGE = YES_ERROR;
				CLANG_WARN_DOCUMENTATION_COMMENTS = YES;
				CLANG_WARN_EMPTY_BODY = YES;
				CLANG_WARN_ENUM_CONVERSION = YES;
				CLANG_WARN_INFINITE_RECURSION = YES;
				CLANG_WARN_INT_CONVERSION = YES;
				CLANG_WARN_NON_LITERAL_NULL_CONVERSION = YES;
				CLANG_WARN_OBJC_IMPLICIT_RETAIN_SELF = YES;
				CLANG_WARN_OBJC_LITERAL_CONVERSION = YES;
				CLANG_WARN_OBJC_ROOT_CLASS = YES_ERROR;
				CLANG_WARN_QUOTED_INCLUDE_IN_FRAMEWORK_HEADER = YES;
				CLANG_WARN_RANGE_LOOP_ANALYSIS = YES;
				CLANG_WARN_STRICT_PROTOTYPES = YES;
				CLANG_WARN_SUSPICIOUS_MOVE = YES;
				CLANG_WARN_UNGUARDED_AVAILABILITY = YES_AGGRESSIVE;
				CLANG_WARN_UNREACHABLE_CODE = YES;
				CLANG_WARN__DUPLICATE_METHOD_MATCH = YES;
				COPY_PHASE_STRIP = NO;
				DEBUG_INFORMATION_FORMAT = "dwarf-with-dsym";
				ENABLE_NS_ASSERTIONS = NO;
				ENABLE_STRICT_OBJC_MSGSEND = YES;
				ENABLE_USER_SCRIPT_SANDBOXING = YES;
				GCC_C_LANGUAGE_STANDARD = gnu17;
				GCC_NO_COMMON_BLOCKS = YES;
				GCC_WARN_64_TO_32_BIT_CONVERSION = YES;
				GCC_WARN_ABOUT_RETURN_TYPE = YES_ERROR;
				GCC_WARN_UNDECLARED_SELECTOR = YES;
				GCC_WARN_UNINITIALIZED_AUTOS = YES_AGGRESSIVE;
				GCC_WARN_UNUSED_FUNCTION = YES;
				GCC_WARN_UNUSED_VARIABLE = YES;
				IPHONEOS_DEPLOYMENT_TARGET = 17.0;
				LOCALIZATION_PREFERS_STRING_CATALOGS = YES;
				MTL_ENABLE_DEBUG_INFO = NO;
				MTL_FAST_MATH = YES;
				SDKROOT = iphoneos;
				SWIFT_COMPILATION_MODE = wholemodule;
				VALIDATE_PRODUCT = YES;
			};
			name = Release;
		};
		E2D1F00010002A00B000010 /* Debug */ = {
			isa = XCBuildConfiguration;
			baseConfigurationReference = E2D1F00010002A00B000004 /* Signing.xcconfig */;
			buildSettings = {
				ASSETCATALOG_COMPILER_APPICON_NAME = AppIcon;
				ASSETCATALOG_COMPILER_GLOBAL_ACCENT_COLOR_NAME = AccentColor;
				CODE_SIGN_STYLE = Automatic;
				CURRENT_PROJECT_VERSION = 1;
				DEFINES_MODULE = YES;
				DEVELOPMENT_TEAM = 2S747NZP4R;
				GENERATE_INFOPLIST_FILE = YES;
				INFOPLIST_FILE = "Info-ATS.plist";
				INFOPLIST_KEY_CFBundleDisplayName = "AW V2";
				INFOPLIST_KEY_UIApplicationSceneManifest_Generation = YES;
				INFOPLIST_KEY_UIApplicationSupportsIndirectInputEvents = YES;
				INFOPLIST_KEY_UILaunchScreen_Generation = YES;
				INFOPLIST_KEY_UISupportedInterfaceOrientations_iPad = "UIInterfaceOrientationPortrait UIInterfaceOrientationPortraitUpsideDown UIInterfaceOrientationLandscapeLeft UIInterfaceOrientationLandscapeRight";
				INFOPLIST_KEY_UISupportedInterfaceOrientations_iPhone = "UIInterfaceOrientationPortrait UIInterfaceOrientationLandscapeLeft UIInterfaceOrientationLandscapeRight";
				LD_RUNPATH_SEARCH_PATHS = (
					"$(inherited)",
					"@executable_path/Frameworks",
				);
				MARKETING_VERSION = 0.1.0;
				PRODUCT_BUNDLE_IDENTIFIER = com.antoniohermoso.artificialworld.v2;
				PRODUCT_MODULE_NAME = ArtificialWorldV2;
				PRODUCT_NAME = ArtificialWorldV2;
				STRING_CATALOG_GENERATE_SYMBOLS = YES;
				SWIFT_APPROACHABLE_CONCURRENCY = YES;
				SWIFT_DEFAULT_ACTOR_ISOLATION = MainActor;
				SWIFT_EMIT_LOC_STRINGS = YES;
				SWIFT_UPCOMING_FEATURE_MEMBER_IMPORT_VISIBILITY = YES;
				SWIFT_VERSION = 6.0;
				TARGETED_DEVICE_FAMILY = "1,2";
			};
			name = Debug;
		};
		E2D1F00010002A00B000011 /* Release */ = {
			isa = XCBuildConfiguration;
			baseConfigurationReference = E2D1F00010002A00B000004 /* Signing.xcconfig */;
			buildSettings = {
				ASSETCATALOG_COMPILER_APPICON_NAME = AppIcon;
				ASSETCATALOG_COMPILER_GLOBAL_ACCENT_COLOR_NAME = AccentColor;
				CODE_SIGN_STYLE = Automatic;
				CURRENT_PROJECT_VERSION = 1;
				DEFINES_MODULE = YES;
				DEVELOPMENT_TEAM = 2S747NZP4R;
				GENERATE_INFOPLIST_FILE = YES;
				INFOPLIST_FILE = "Info-ATS.plist";
				INFOPLIST_KEY_CFBundleDisplayName = "AW V2";
				INFOPLIST_KEY_UIApplicationSceneManifest_Generation = YES;
				INFOPLIST_KEY_UIApplicationSupportsIndirectInputEvents = YES;
				INFOPLIST_KEY_UILaunchScreen_Generation = YES;
				INFOPLIST_KEY_UISupportedInterfaceOrientations_iPad = "UIInterfaceOrientationPortrait UIInterfaceOrientationPortraitUpsideDown UIInterfaceOrientationLandscapeLeft UIInterfaceOrientationLandscapeRight";
				INFOPLIST_KEY_UISupportedInterfaceOrientations_iPhone = "UIInterfaceOrientationPortrait UIInterfaceOrientationLandscapeLeft UIInterfaceOrientationLandscapeRight";
				LD_RUNPATH_SEARCH_PATHS = (
					"$(inherited)",
					"@executable_path/Frameworks",
				);
				MARKETING_VERSION = 0.1.0;
				PRODUCT_BUNDLE_IDENTIFIER = com.antoniohermoso.artificialworld.v2;
				PRODUCT_MODULE_NAME = ArtificialWorldV2;
				PRODUCT_NAME = ArtificialWorldV2;
				STRING_CATALOG_GENERATE_SYMBOLS = YES;
				SWIFT_APPROACHABLE_CONCURRENCY = YES;
				SWIFT_DEFAULT_ACTOR_ISOLATION = MainActor;
				SWIFT_EMIT_LOC_STRINGS = YES;
				SWIFT_UPCOMING_FEATURE_MEMBER_IMPORT_VISIBILITY = YES;
				SWIFT_VERSION = 6.0;
				TARGETED_DEVICE_FAMILY = "1,2";
			};
			name = Release;
		};
		E2D1F00010002A00B000036 /* Debug */ = {
			isa = XCBuildConfiguration;
			baseConfigurationReference = E2D1F00010002A00B000004 /* Signing.xcconfig */;
			buildSettings = {
				BUNDLE_LOADER = "$(TEST_HOST)";
				CODE_SIGN_STYLE = Automatic;
				CURRENT_PROJECT_VERSION = 1;
				DEFINES_MODULE = YES;
				DEVELOPMENT_TEAM = 2S747NZP4R;
				GENERATE_INFOPLIST_FILE = YES;
				IPHONEOS_DEPLOYMENT_TARGET = 17.0;
				MARKETING_VERSION = 0.1.0;
				PRODUCT_BUNDLE_IDENTIFIER = com.antoniohermoso.artificialworld.v2.tests;
				PRODUCT_NAME = "$(TARGET_NAME)";
				STRING_CATALOG_GENERATE_SYMBOLS = NO;
				SWIFT_APPROACHABLE_CONCURRENCY = YES;
				SWIFT_DEFAULT_ACTOR_ISOLATION = MainActor;
				SWIFT_EMIT_LOC_STRINGS = NO;
				SWIFT_UPCOMING_FEATURE_MEMBER_IMPORT_VISIBILITY = YES;
				SWIFT_VERSION = 6.0;
				TARGETED_DEVICE_FAMILY = "1,2";
				TEST_HOST = "$(BUILT_PRODUCTS_DIR)/ArtificialWorldV2.app/$(BUNDLE_EXECUTABLE_FOLDER_PATH)/ArtificialWorldV2";
				TEST_TARGET_NAME = ArtificialWorldV2;
			};
			name = Debug;
		};
		E2D1F00010002A00B000037 /* Release */ = {
			isa = XCBuildConfiguration;
			baseConfigurationReference = E2D1F00010002A00B000004 /* Signing.xcconfig */;
			buildSettings = {
				BUNDLE_LOADER = "$(TEST_HOST)";
				CODE_SIGN_STYLE = Automatic;
				CURRENT_PROJECT_VERSION = 1;
				DEFINES_MODULE = YES;
				DEVELOPMENT_TEAM = 2S747NZP4R;
				GENERATE_INFOPLIST_FILE = YES;
				IPHONEOS_DEPLOYMENT_TARGET = 17.0;
				MARKETING_VERSION = 0.1.0;
				PRODUCT_BUNDLE_IDENTIFIER = com.antoniohermoso.artificialworld.v2.tests;
				PRODUCT_NAME = "$(TARGET_NAME)";
				STRING_CATALOG_GENERATE_SYMBOLS = NO;
				SWIFT_APPROACHABLE_CONCURRENCY = YES;
				SWIFT_DEFAULT_ACTOR_ISOLATION = MainActor;
				SWIFT_EMIT_LOC_STRINGS = NO;
				SWIFT_UPCOMING_FEATURE_MEMBER_IMPORT_VISIBILITY = YES;
				SWIFT_VERSION = 6.0;
				TARGETED_DEVICE_FAMILY = "1,2";
				TEST_HOST = "$(BUILT_PRODUCTS_DIR)/ArtificialWorldV2.app/$(BUNDLE_EXECUTABLE_FOLDER_PATH)/ArtificialWorldV2";
				TEST_TARGET_NAME = ArtificialWorldV2;
			};
			name = Release;
		};
/* End XCBuildConfiguration section */

/* Begin XCConfigurationList section */
		E2D1F00010002A00B00000C /* Build configuration list for PBXProject "ArtificialWorldV2" */ = {
			isa = XCConfigurationList;
			buildConfigurations = (
				E2D1F00010002A00B00000D /* Debug */,
				E2D1F00010002A00B00000E /* Release */,
			);
			defaultConfigurationIsVisible = 0;
			defaultConfigurationName = Release;
		};
		E2D1F00010002A00B00000F /* Build configuration list for PBXNativeTarget "ArtificialWorldV2" */ = {
			isa = XCConfigurationList;
			buildConfigurations = (
				E2D1F00010002A00B000010 /* Debug */,
				E2D1F00010002A00B000011 /* Release */,
			);
			defaultConfigurationIsVisible = 0;
			defaultConfigurationName = Release;
		};
		E2D1F00010002A00B000035 /* Build configuration list for PBXNativeTarget "ArtificialWorldV2Tests" */ = {
			isa = XCConfigurationList;
			buildConfigurations = (
				E2D1F00010002A00B000036 /* Debug */,
				E2D1F00010002A00B000037 /* Release */,
			);
			defaultConfigurationIsVisible = 0;
			defaultConfigurationName = Release;
		};
/* End XCConfigurationList section */

/* Begin XCLocalSwiftPackageReference section */
		E2D1F00010002A00B000015 /* XCLocalSwiftPackageReference "../SwiftAWCore" */ = {
			isa = XCLocalSwiftPackageReference;
			relativePath = ../SwiftAWCore;
		};
/* End XCLocalSwiftPackageReference section */

/* Begin XCSwiftPackageProductDependency section */
		E2D1F00010002A00B000016 /* AWDomain */ = {
			isa = XCSwiftPackageProductDependency;
			package = E2D1F00010002A00B000015 /* XCLocalSwiftPackageReference "../SwiftAWCore" */;
			productName = AWDomain;
		};
		E2D1F00010002A00B000017 /* AWAgent */ = {
			isa = XCSwiftPackageProductDependency;
			package = E2D1F00010002A00B000015 /* XCLocalSwiftPackageReference "../SwiftAWCore" */;
			productName = AWAgent;
		};
		E2D1F00010002A00B000018 /* AWPersistence */ = {
			isa = XCSwiftPackageProductDependency;
			package = E2D1F00010002A00B000015 /* XCLocalSwiftPackageReference "../SwiftAWCore" */;
			productName = AWPersistence;
		};
/* End XCSwiftPackageProductDependency section */
	};
	rootObject = E2D1F00010002A00B000001 /* Project object */;
}
